schema: '2.0'
stages:
  preprocess:
    cmd: python3 scripts/preprocess.py -v
    params:
      params.yaml:
        preprocess.overwrite: false
        preprocess.size:
        - 224
        - 224
  encode:
    cmd: python3 scripts/classification/encode.py -v
    params:
      params.yaml:
        encode.backbone: resnet50
        encode.batch: 512
        encode.overwrite: false
